
Microsoft Visual Studio Solution File, Format Version 12.00
# Visual Studio Version 17
VisualStudioVersion = 17.11.35312.102
MinimumVisualStudioVersion = 10.0.40219.1
Project("{9A19103F-16F7-4668-BE54-9A1E7A4F7556}") = "NetworkTablesSharp", "NetworkTablesSharp.csproj", "{CBDD2D05-7544-47A4-B4B1-0711E119F70D}"
EndProject
Global
	GlobalSection(SolutionConfigurationPlatforms) = preSolution
		Debug|Any CPU = Debug|Any CPU
		Release|Any CPU = Release|Any CPU
	EndGlobalSection
	GlobalSection(ProjectConfigurationPlatforms) = postSolution
		{CBDD2D05-7544-47A4-B4B1-0711E119F70D}.Debug|Any CPU.ActiveCfg = Release|Any CPU
		{CBDD2D05-7544-47A4-B4B1-0711E119F70D}.Debug|Any CPU.Build.0 = Release|Any CPU
		{CBDD2D05-7544-47A4-B4B1-0711E119F70D}.Release|Any CPU.ActiveCfg = Release|Any CPU
		{CBDD2D05-7544-47A4-B4B1-0711E119F70D}.Release|Any CPU.Build.0 = Release|Any CPU
	EndGlobalSection
	GlobalSection(SolutionProperties) = preSolution
		HideSolutionNode = FALSE
	EndGlobalSection
	GlobalSection(ExtensibilityGlobals) = postSolution
		SolutionGuid = {AFDE31CF-7FF0-4EF3-9117-DC28323A80A9}
	EndGlobalSection
EndGlobal
